// !$*UTF8*$!
{
	archiveVersion = 1;
	classes = {
	};
	objectVersion = 51;
	objects = {

/* Begin PBXBuildFile section */
		1D40F0342615C4BC00B0F9B3 /* Todo.swift in Sources */ = {isa = PBXBuildFile; fileRef = 1D40F0332615C4BC00B0F9B3 /* Todo.swift */; };
		1DB34D6C2613180B0003BE60 /* AppDelegate.swift in Sources */ = {isa = PBXBuildFile; fileRef = 1DB34D6B2613180B0003BE60 /* AppDelegate.swift */; };
		1DB34D6E2613180B0003BE60 /* SceneDelegate.swift in Sources */ = {isa = PBXBuildFile; fileRef = 1DB34D6D2613180B0003BE60 /* SceneDelegate.swift */; };
		1DB34D702613180B0003BE60 /* ViewController.swift in Sources */ = {isa = PBXBuildFile; fileRef = 1DB34D6F2613180B0003BE60 /* ViewController.swift */; };
		1DB34D732613180B0003BE60 /* Main.storyboard in Resources */ = {isa = PBXBuildFile; fileRef = 1DB34D712613180B0003BE60 /* Main.storyboard */; };
		1DB34D752613180C0003BE60 /* Assets.xcassets in Resources */ = {isa = PBXBuildFile; fileRef = 1DB34D742613180C0003BE60 /* Assets.xcassets */; };
		1DB34D782613180C0003BE60 /* LaunchScreen.storyboard in Resources */ = {isa = PBXBuildFile; fileRef = 1DB34D762613180C0003BE60 /* LaunchScreen.storyboard */; };
		48A7E9C0ECB66682604446CA /* Pods_TodoList_StroyBoard.framework in Frameworks */ = {isa = PBXBuildFile; fileRef = B7C41DFA209A5E13795C3C7C /* Pods_TodoList_StroyBoard.framework */; };
/* End PBXBuildFile section */

/* Begin PBXFileReference section */
		1D40F0332615C4BC00B0F9B3 /* Todo.swift */ = {isa = PBXFileReference; lastKnownFileType = sourcecode.swift; path = Todo.swift; sourceTree = "<group>"; };
		1DB34D682613180B0003BE60 /* TodoList-StroyBoard.app */ = {isa = PBXFileReference; explicitFileType = wrapper.application; includeInIndex = 0; path = "TodoList-StroyBoard.app"; sourceTree = BUILT_PRODUCTS_DIR; };
		1DB34D6B2613180B0003BE60 /* AppDelegate.swift */ = {isa = PBXFileReference; lastKnownFileType = sourcecode.swift; path = AppDelegate.swift; sourceTree = "<group>"; };
		1DB34D6D2613180B0003BE60 /* SceneDelegate.swift */ = {isa = PBXFileReference; lastKnownFileType = sourcecode.swift; path = SceneDelegate.swift; sourceTree = "<group>"; };
		1DB34D6F2613180B0003BE60 /* ViewController.swift */ = {isa = PBXFileReference; lastKnownFileType = sourcecode.swift; path = ViewController.swift; sourceTree = "<group>"; };
		1DB34D722613180B0003BE60 /* Base */ = {isa = PBXFileReference; lastKnownFileType = file.storyboard; name = Base; path = Base.lproj/Main.storyboard; sourceTree = "<group>"; };
		1DB34D742613180C0003BE60 /* Assets.xcassets */ = {isa = PBXFileReference; lastKnownFileType = folder.assetcatalog; path = Assets.xcassets; sourceTree = "<group>"; };
		1DB34D772613180C0003BE60 /* Base */ = {isa = PBXFileReference; lastKnownFileType = file.storyboard; name = Base; path = Base.lproj/LaunchScreen.storyboard; sourceTree = "<group>"; };
		1DB34D792613180C0003BE60 /* Info.plist */ = {isa = PBXFileReference; lastKnownFileType = text.plist.xml; path = Info.plist; sourceTree = "<group>"; };
		B7C41DFA209A5E13795C3C7C /* Pods_TodoList_StroyBoard.framework */ = {isa = PBXFileReference; explicitFileType = wrapper.framework; includeInIndex = 0; path = Pods_TodoList_StroyBoard.framework; sourceTree = BUILT_PRODUCTS_DIR; };
		C239C96962BB1067182DBED1 /* Pods-TodoList-StroyBoard.debug.xcconfig */ = {isa = PBXFileReference; includeInIndex = 1; lastKnownFileType = text.xcconfig; name = "Pods-TodoList-StroyBoard.debug.xcconfig"; path = "Target Support Files/Pods-TodoList-StroyBoard/Pods-TodoList-StroyBoard.debug.xcconfig"; sourceTree = "<group>"; };
		FFC22A57CA3C6339C16E6F0A /* Pods-TodoList-StroyBoard.release.xcconfig */ = {isa = PBXFileReference; includeInIndex = 1; lastKnownFileType = text.xcconfig; name = "Pods-TodoList-StroyBoard.release.xcconfig"; path = "Target Support Files/Pods-TodoList-StroyBoard/Pods-TodoList-StroyBoard.release.xcconfig"; sourceTree = "<group>"; };
/* End PBXFileReference section */

/* Begin PBXFrameworksBuildPhase section */
		1DB34D652613180B0003BE60 /* Frameworks */ = {
			isa = PBXFrameworksBuildPhase;
			buildActionMask = 2147483647;
			files = (
				48A7E9C0ECB66682604446CA /* Pods_TodoList_StroyBoard.framework in Frameworks */,
			);
			runOnlyForDeploymentPostprocessing = 0;
		};
/* End PBXFrameworksBuildPhase section */

/* Begin PBXGroup section */
		0F7359F652A65E9C401ACD21 /* Frameworks */ = {
			isa = PBXGroup;
			children = (
				B7C41DFA209A5E13795C3C7C /* Pods_TodoList_StroyBoard.framework */,
			);
			name = Frameworks;
			sourceTree = "<group>";
		};
		1DB34D5F2613180B0003BE60 = {
			isa = PBXGroup;
			children = (
				1DB34D6A2613180B0003BE60 /* TodoList-StroyBoard */,
				1DB34D692613180B0003BE60 /* Products */,
				74116B5F10D427ECBF495FC2 /* Pods */,
				0F7359F652A65E9C401ACD21 /* Frameworks */,
			);
			sourceTree = "<group>";
		};
		1DB34D692613180B0003BE60 /* Products */ = {
			isa = PBXGroup;
			children = (
				1DB34D682613180B0003BE60 /* TodoList-StroyBoard.app */,
			);
			name = Products;
			sourceTree = "<group>";
		};
		1DB34D6A2613180B0003BE60 /* TodoList-StroyBoard */ = {
			isa = PBXGroup;
			children = (
				1DB34D6B2613180B0003BE60 /* AppDelegate.swift */,
				1DB34D6D2613180B0003BE60 /* SceneDelegate.swift */,
				1DB34D6F2613180B0003BE60 /* ViewController.swift */,
				1DB34D712613180B0003BE60 /* Main.storyboard */,
				1DB34D742613180C0003BE60 /* Assets.xcassets */,
				1DB34D762613180C0003BE60 /* LaunchScreen.storyboard */,
				1DB34D792613180C0003BE60 /* Info.plist */,
				1D40F0332615C4BC00B0F9B3 /* Todo.swift */,
			);
			path = "TodoList-StroyBoard";
			sourceTree = "<group>";
		};
		74116B5F10D427ECBF495FC2 /* Pods */ = {
			isa = PBXGroup;
			children = (
				C239C96962BB1067182DBED1 /* Pods-TodoList-StroyBoard.debug.xcconfig */,
				FFC22A57CA3C6339C16E6F0A /* Pods-TodoList-StroyBoard.release.xcconfig */,
			);
			path = Pods;
			sourceTree = "<group>";
		};
/* End PBXGroup section */

/* Begin PBXNativeTarget section */
		1DB34D672613180B0003BE60 /* TodoList-StroyBoard */ = {
			isa = PBXNativeTarget;
			buildConfigurationList = 1DB34D7C2613180C0003BE60 /* Build configuration list for PBXNativeTarget "TodoList-StroyBoard" */;
			buildPhases = (
				A1C69A2DBD621CB5602B110F /* [CP] Check Pods Manifest.lock */,
				1DB34D642613180B0003BE60 /* Sources */,
				1DB34D652613180B0003BE60 /* Frameworks */,
				1DB34D662613180B0003BE60 /* Resources */,
				F2238417132B872AE2A7B7E6 /* [CP] Embed Pods Frameworks */,
			);
			buildRules = (
			);
			dependencies = (
			);
			name = "TodoList-StroyBoard";
			productName = "TodoList-StroyBoard";
			productReference = 1DB34D682613180B0003BE60 /* TodoList-StroyBoard.app */;
			productType = "com.apple.product-type.application";
		};
/* End PBXNativeTarget section */

/* Begin PBXProject section */
		1DB34D602613180B0003BE60 /* Project object */ = {
			isa = PBXProject;
			attributes = {
				LastSwiftUpdateCheck = 1240;
				LastUpgradeCheck = 1240;
				TargetAttributes = {
					1DB34D672613180B0003BE60 = {
						CreatedOnToolsVersion = 12.4;
					};
				};
			};
			buildConfigurationList = 1DB34D632613180B0003BE60 /* Build configuration list for PBXProject "TodoList-StroyBoard" */;
			compatibilityVersion = "Xcode 9.3";
			developmentRegion = en;
			hasScannedForEncodings = 0;
			knownRegions = (
				en,
				Base,
			);
			mainGroup = 1DB34D5F2613180B0003BE60;
			productRefGroup = 1DB34D692613180B0003BE60 /* Products */;
			projectDirPath = "";
			projectRoot = "";
			targets = (
				1DB34D672613180B0003BE60 /* TodoList-StroyBoard */,
			);
		};
/* End PBXProject section */

/* Begin PBXResourcesBuildPhase section */
		1DB34D662613180B0003BE60 /* Resources */ = {
			isa = PBXResourcesBuildPhase;
			buildActionMask = 2147483647;
			files = (
				1DB34D782613180C0003BE60 /* LaunchScreen.storyboard in Resources */,
				1DB34D752613180C0003BE60 /* Assets.xcassets in Resources */,
				1DB34D732613180B0003BE60 /* Main.storyboard in Resources */,
			);
			runOnlyForDeploymentPostprocessing = 0;
		};
/* End PBXResourcesBuildPhase section */

/* Begin PBXShellScriptBuildPhase section */
		A1C69A2DBD621CB5602B110F /* [CP] Check Pods Manifest.lock */ = {
			isa = PBXShellScriptBuildPhase;
			buildActionMask = 2147483647;
			files = (
			);
			inputFileListPaths = (
			);
			inputPaths = (
				"${PODS_PODFILE_DIR_PATH}/Podfile.lock",
				"${PODS_ROOT}/Manifest.lock",
			);
			name = "[CP] Check Pods Manifest.lock";
			outputFileListPaths = (
			);
			outputPaths = (
				"$(DERIVED_FILE_DIR)/Pods-TodoList-StroyBoard-checkManifestLockResult.txt",
			);
			runOnlyForDeploymentPostprocessing = 0;
			shellPath = /bin/sh;
			shellScript = "diff \"${PODS_PODFILE_DIR_PATH}/Podfile.lock\" \"${PODS_ROOT}/Manifest.lock\" > /dev/null\nif [ $? != 0 ] ; then\n    # print error to STDERR\n    echo \"error: The sandbox is not in sync with the Podfile.lock. Run 'pod install' or update your CocoaPods installation.\" >&2\n    exit 1\nfi\n# This output is used by Xcode 'outputs' to avoid re-running this script phase.\necho \"SUCCESS\" > \"${SCRIPT_OUTPUT_FILE_0}\"\n";
			showEnvVarsInLog = 0;
		};
		F2238417132B872AE2A7B7E6 /* [CP] Embed Pods Frameworks */ = {
			isa = PBXShellScriptBuildPhase;
			buildActionMask = 2147483647;
			files = (
			);
			inputFileListPaths = (
				"${PODS_ROOT}/Target Support Files/Pods-TodoList-StroyBoard/Pods-TodoList-StroyBoard-frameworks-${CONFIGURATION}-input-files.xcfilelist",
			);
			name = "[CP] Embed Pods Frameworks";
			outputFileListPaths = (
				"${PODS_ROOT}/Target Support Files/Pods-TodoList-StroyBoard/Pods-TodoList-StroyBoard-frameworks-${CONFIGURATION}-output-files.xcfilelist",
			);
			runOnlyForDeploymentPostprocessing = 0;
			shellPath = /bin/sh;
			shellScript = "\"${PODS_ROOT}/Target Support Files/Pods-TodoList-StroyBoard/Pods-TodoList-StroyBoard-frameworks.sh\"\n";
			showEnvVarsInLog = 0;
		};
/* End PBXShellScriptBuildPhase section */

/* Begin PBXSourcesBuildPhase section */
		1DB34D642613180B0003BE60 /* Sources */ = {
			isa = PBXSourcesBuildPhase;
			buildActionMask = 2147483647;
			files = (
				1DB34D702613180B0003BE60 /* ViewController.swift in Sources */,
				1DB34D6C2613180B0003BE60 /* AppDelegate.swift in Sources */,
				1DB34D6E2613180B0003BE60 /* SceneDelegate.swift in Sources */,
				1D40F0342615C4BC00B0F9B3 /* Todo.swift in Sources */,
			);
			runOnlyForDeploymentPostprocessing = 0;
		};
/* End PBXSourcesBuildPhase section */

/* Begin PBXVariantGroup section */
		1DB34D712613180B0003BE60 /* Main.storyboard */ = {
			isa = PBXVariantGroup;
			children = (
				1DB34D722613180B0003BE60 /* Base */,
			);
			name = Main.storyboard;
			sourceTree = "<group>";
		};
		1DB34D762613180C0003BE60 /* LaunchScreen.storyboard */ = {
			isa = PBXVariantGroup;
			children = (
				1DB34D772613180C0003BE60 /* Base */,
			);
			name = LaunchScreen.storyboard;
			sourceTree = "<group>";
		};
/* End PBXVariantGroup section */

/* Begin XCBuildConfiguration section */
		1DB34D7A2613180C0003BE60 /* Debug */ = {
			isa = XCBuildConfiguration;
			buildSettings = {
				ALWAYS_SEARCH_USER_PATHS = NO;
				CLANG_ANALYZER_NONNULL = YES;
				CLANG_ANALYZER_NUMBER_OBJECT_CONVERSION = YES_AGGRESSIVE;
				CLANG_CXX_LANGUAGE_STANDARD = "gnu++14";
				CLANG_CXX_LIBRARY = "libc++";
				CLANG_ENABLE_MODULES = YES;
				CLANG_ENABLE_OBJC_ARC = YES;
				CLANG_ENABLE_OBJC_WEAK = YES;
				CLANG_WARN_BLOCK_CAPTURE_AUTORELEASING = YES;
				CLANG_WARN_BOOL_CONVERSION = YES;
				CLANG_WARN_COMMA = YES;
				CLANG_WARN_CONSTANT_CONVERSION = YES;
				CLANG_WARN_DEPRECATED_OBJC_IMPLEMENTATIONS = YES;
				CLANG_WARN_DIRECT_OBJC_ISA_USAGE = YES_ERROR;
				CLANG_WARN_DOCUMENTATION_COMMENTS = YES;
				CLANG_WARN_EMPTY_BODY = YES;
				CLANG_WARN_ENUM_CONVERSION = YES;
				CLANG_WARN_INFINITE_RECURSION = YES;
				CLANG_WARN_INT_CONVERSION = YES;
				CLANG_WARN_NON_LITERAL_NULL_CONVERSION = YES;
				CLANG_WARN_OBJC_IMPLICIT_RETAIN_SELF = YES;
				CLANG_WARN_OBJC_LITERAL_CONVERSION = YES;
				CLANG_WARN_OBJC_ROOT_CLASS = YES_ERROR;
				CLANG_WARN_QUOTED_INCLUDE_IN_FRAMEWORK_HEADER = YES;
				CLANG_WARN_RANGE_LOOP_ANALYSIS = YES;
				CLANG_WARN_STRICT_PROTOTYPES = YES;
				CLANG_WARN_SUSPICIOUS_MOVE = YES;
				CLANG_WARN_UNGUARDED_AVAILABILITY = YES_AGGRESSIVE;
				CLANG_WARN_UNREACHABLE_CODE = YES;
				CLANG_WARN__DUPLICATE_METHOD_MATCH = YES;
				COPY_PHASE_STRIP = NO;
				DEBUG_INFORMATION_FORMAT = dwarf;
				ENABLE_STRICT_OBJC_MSGSEND = YES;
				ENABLE_TESTABILITY = YES;
				GCC_C_LANGUAGE_STANDARD = gnu11;
				GCC_DYNAMIC_NO_PIC = NO;
				GCC_NO_COMMON_BLOCKS = YES;
				GCC_OPTIMIZATION_LEVEL = 0;
				GCC_PREPROCESSOR_DEFINITIONS = (
					"DEBUG=1",
					"$(inherited)",
				);
				GCC_WARN_64_TO_32_BIT_CONVERSION = YES;
				GCC_WARN_ABOUT_RETURN_TYPE = YES_ERROR;
				GCC_WARN_UNDECLARED_SELECTOR = YES;
				GCC_WARN_UNINITIALIZED_AUTOS = YES_AGGRESSIVE;
				GCC_WARN_UNUSED_FUNCTION = YES;
				GCC_WARN_UNUSED_VARIABLE = YES;
				IPHONEOS_DEPLOYMENT_TARGET = 14.4;
				MTL_ENABLE_DEBUG_INFO = INCLUDE_SOURCE;
				MTL_FAST_MATH = YES;
				ONLY_ACTIVE_ARCH = YES;
				SDKROOT = iphoneos;
				SWIFT_ACTIVE_COMPILATION_CONDITIONS = DEBUG;
				SWIFT_OPTIMIZATION_LEVEL = "-Onone";
			};
			name = Debug;
		};
		1DB34D7B2613180C0003BE60 /* Release */ = {
			isa = XCBuildConfiguration;
			buildSettings = {
				ALWAYS_SEARCH_USER_PATHS = NO;
				CLANG_ANALYZER_NONNULL = YES;
				CLANG_ANALYZER_NUMBER_OBJECT_CONVERSION = YES_AGGRESSIVE;
				CLANG_CXX_LANGUAGE_STANDARD = "gnu++14";
				CLANG_CXX_LIBRARY = "libc++";
				CLANG_ENABLE_MODULES = YES;
				CLANG_ENABLE_OBJC_ARC = YES;
				CLANG_ENABLE_OBJC_WEAK = YES;
				CLANG_WARN_BLOCK_CAPTURE_AUTORELEASING = YES;
				CLANG_WARN_BOOL_CONVERSION = YES;
				CLANG_WARN_COMMA = YES;
				CLANG_WARN_CONSTANT_CONVERSION = YES;
				CLANG_WARN_DEPRECATED_OBJC_IMPLEMENTATIONS = YES;
				CLANG_WARN_DIRECT_OBJC_ISA_USAGE = YES_ERROR;
				CLANG_WARN_DOCUMENTATION_COMMENTS = YES;
				CLANG_WARN_EMPTY_BODY = YES;
				CLANG_WARN_ENUM_CONVERSION = YES;
				CLANG_WARN_INFINITE_RECURSION = YES;
				CLANG_WARN_INT_CONVERSION = YES;
				CLANG_WARN_NON_LITERAL_NULL_CONVERSION = YES;
				CLANG_WARN_OBJC_IMPLICIT_RETAIN_SELF = YES;
				CLANG_WARN_OBJC_LITERAL_CONVERSION = YES;
				CLANG_WARN_OBJC_ROOT_CLASS = YES_ERROR;
				CLANG_WARN_QUOTED_INCLUDE_IN_FRAMEWORK_HEADER = YES;
				CLANG_WARN_RANGE_LOOP_ANALYSIS = YES;
				CLANG_WARN_STRICT_PROTOTYPES = YES;
				CLANG_WARN_SUSPICIOUS_MOVE = YES;
				CLANG_WARN_UNGUARDED_AVAILABILITY = YES_AGGRESSIVE;
				CLANG_WARN_UNREACHABLE_CODE = YES;
				CLANG_WARN__DUPLICATE_METHOD_MATCH = YES;
				COPY_PHASE_STRIP = NO;
				DEBUG_INFORMATION_FORMAT = "dwarf-with-dsym";
				ENABLE_NS_ASSERTIONS = NO;
				ENABLE_STRICT_OBJC_MSGSEND = YES;
				GCC_C_LANGUAGE_STANDARD = gnu11;
				GCC_NO_COMMON_BLOCKS = YES;
				GCC_WARN_64_TO_32_BIT_CONVERSION = YES;
				GCC_WARN_ABOUT_RETURN_TYPE = YES_ERROR;
				GCC_WARN_UNDECLARED_SELECTOR = YES;
				GCC_WARN_UNINITIALIZED_AUTOS = YES_AGGRESSIVE;
				GCC_WARN_UNUSED_FUNCTION = YES;
				GCC_WARN_UNUSED_VARIABLE = YES;
				IPHONEOS_DEPLOYMENT_TARGET = 14.4;
				MTL_ENABLE_DEBUG_INFO = NO;
				MTL_FAST_MATH = YES;
				SDKROOT = iphoneos;
				SWIFT_COMPILATION_MODE = wholemodule;
				SWIFT_OPTIMIZATION_LEVEL = "-O";
				VALIDATE_PRODUCT = YES;
			};
			name = Release;
		};
		1DB34D7D2613180C0003BE60 /* Debug */ = {
			isa = XCBuildConfiguration;
			baseConfigurationReference = C239C96962BB1067182DBED1 /* Pods-TodoList-StroyBoard.debug.xcconfig */;
			buildSettings = {
				ASSETCATALOG_COMPILER_APPICON_NAME = AppIcon;
				ASSETCATALOG_COMPILER_GLOBAL_ACCENT_COLOR_NAME = AccentColor;
				CODE_SIGN_STYLE = Automatic;
				INFOPLIST_FILE = "TodoList-StroyBoard/Info.plist";
				LD_RUNPATH_SEARCH_PATHS = (
					"$(inherited)",
					"@executable_path/Frameworks",
				);
				PRODUCT_BUNDLE_IDENTIFIER = "lmy.TodoList-StroyBoard";
				PRODUCT_NAME = "$(TARGET_NAME)";
				SWIFT_VERSION = 5.0;
				TARGETED_DEVICE_FAMILY = "1,2";
			};
			name = Debug;
		};
		1DB34D7E2613180C0003BE60 /* Release */ = {
			isa = XCBuildConfiguration;
			baseConfigurationReference = FFC22A57CA3C6339C16E6F0A /* Pods-TodoList-StroyBoard.release.xcconfig */;
			buildSettings = {
				ASSETCATALOG_COMPILER_APPICON_NAME = AppIcon;
				ASSETCATALOG_COMPILER_GLOBAL_ACCENT_COLOR_NAME = AccentColor;
				CODE_SIGN_STYLE = Automatic;
				INFOPLIST_FILE = "TodoList-StroyBoard/Info.plist";
				LD_RUNPATH_SEARCH_PATHS = (
					"$(inherited)",
					"@executable_path/Frameworks",
				);
				PRODUCT_BUNDLE_IDENTIFIER = "lmy.TodoList-StroyBoard";
				PRODUCT_NAME = "$(TARGET_NAME)";
				SWIFT_VERSION = 5.0;
				TARGETED_DEVICE_FAMILY = "1,2";
			};
			name = Release;
		};
/* End XCBuildConfiguration section */

/* Begin XCConfigurationList section */
		1DB34D632613180B0003BE60 /* Build configuration list for PBXProject "TodoList-StroyBoard" */ = {
			isa = XCConfigurationList;
			buildConfigurations = (
				1DB34D7A2613180C0003BE60 /* Debug */,
				1DB34D7B2613180C0003BE60 /* Release */,
			);
			defaultConfigurationIsVisible = 0;
			defaultConfigurationName = Release;
		};
		1DB34D7C2613180C0003BE60 /* Build configuration list for PBXNativeTarget "TodoList-StroyBoard" */ = {
			isa = XCConfigurationList;
			buildConfigurations = (
				1DB34D7D2613180C0003BE60 /* Debug */,
				1DB34D7E2613180C0003BE60 /* Release */,
			);
			defaultConfigurationIsVisible = 0;
			defaultConfigurationName = Release;
		};
/* End XCConfigurationList section */
	};
	rootObject = 1DB34D602613180B0003BE60 /* Project object */;
}
